
Microsoft Visual Studio Solution File, Format Version 12.00
# Visual Studio Version 17
VisualStudioVersion = 17.4.33213.308
MinimumVisualStudioVersion = 10.0.40219.1
Project("{FAE04EC0-301F-11D3-BF4B-00C04F79EFBC}") = "tryNewC-Repo", "tryNewC-Repo\tryNewC-Repo.csproj", "{C3CCEC34-4C29-41CF-AB36-A69501ACB99B}"
EndProject
Global
	GlobalSection(SolutionConfigurationPlatforms) = preSolution
		Debug|Any CPU = Debug|Any CPU
		Release|Any CPU = Release|Any CPU
	EndGlobalSection
	GlobalSection(ProjectConfigurationPlatforms) = postSolution
		{C3CCEC34-4C29-41CF-AB36-A69501ACB99B}.Debug|Any CPU.ActiveCfg = Debug|Any CPU
		{C3CCEC34-4C29-41CF-AB36-A69501ACB99B}.Debug|Any CPU.Build.0 = Debug|Any CPU
		{C3CCEC34-4C29-41CF-AB36-A69501ACB99B}.Release|Any CPU.ActiveCfg = Release|Any CPU
		{C3CCEC34-4C29-41CF-AB36-A69501ACB99B}.Release|Any CPU.Build.0 = Release|Any CPU
	EndGlobalSection
	GlobalSection(SolutionProperties) = preSolution
		HideSolutionNode = FALSE
	EndGlobalSection
	GlobalSection(ExtensibilityGlobals) = postSolution
		SolutionGuid = {9D40ED8A-B2F0-4EF4-9BA5-F799836B3F59}
	EndGlobalSection
EndGlobal
